
Microsoft Visual Studio Solution File, Format Version 12.00
# Visual Studio Version 16
VisualStudioVersion = 16.0.31321.278
MinimumVisualStudioVersion = 10.0.40219.1
Project("{FAE04EC0-301F-11D3-BF4B-00C04F79EFBC}") = "MyTacoTruck", "MyTacoTruck.csproj", "{78C2D338-9EE5-48C8-B016-ED37C8191785}"
EndProject
Global
	GlobalSection(SolutionConfigurationPlatforms) = preSolution
		Debug|Any CPU = Debug|Any CPU
		Release|Any CPU = Release|Any CPU
	EndGlobalSection
	GlobalSection(ProjectConfigurationPlatforms) = postSolution
		{78C2D338-9EE5-48C8-B016-ED37C8191785}.Debug|Any CPU.ActiveCfg = Debug|Any CPU
		{78C2D338-9EE5-48C8-B016-ED37C8191785}.Debug|Any CPU.Build.0 = Debug|Any CPU
		{78C2D338-9EE5-48C8-B016-ED37C8191785}.Release|Any CPU.ActiveCfg = Release|Any CPU
		{78C2D338-9EE5-48C8-B016-ED37C8191785}.Release|Any CPU.Build.0 = Release|Any CPU
	EndGlobalSection
	GlobalSection(SolutionProperties) = preSolution
		HideSolutionNode = FALSE
	EndGlobalSection
	GlobalSection(ExtensibilityGlobals) = postSolution
		SolutionGuid = {6E4DD77C-9FF2-4234-A346-713860E307DC}
	EndGlobalSection
EndGlobal
